// !$*UTF8*$!
{
	archiveVersion = 1;
	classes = {
	};
	objectVersion = 56;
	objects = {

/* Begin PBXBuildFile section */
		4790C62F2ABB4122004D25D5 /* Float + Extension.swift in Sources */ = {isa = PBXBuildFile; fileRef = 4790C62E2ABB4122004D25D5 /* Float + Extension.swift */; };
		4790C6312ABB46E7004D25D5 /* UIImageView + Extension.swift in Sources */ = {isa = PBXBuildFile; fileRef = 4790C6302ABB46E7004D25D5 /* UIImageView + Extension.swift */; };
		47AD93AB2AB8A13000DF286E /* API.swift in Sources */ = {isa = PBXBuildFile; fileRef = 47AD93AA2AB8A13000DF286E /* API.swift */; };
		47AD93AD2AB8A2E400DF286E /* NetworkProtocol.swift in Sources */ = {isa = PBXBuildFile; fileRef = 47AD93AC2AB8A2E400DF286E /* NetworkProtocol.swift */; };
		47AD93B02AB8A3BD00DF286E /* CurrentModel.swift in Sources */ = {isa = PBXBuildFile; fileRef = 47AD93AF2AB8A3BD00DF286E /* CurrentModel.swift */; };
		47AD93B22AB8AA4200DF286E /* WeatherNetwork.swift in Sources */ = {isa = PBXBuildFile; fileRef = 47AD93B12AB8AA4200DF286E /* WeatherNetwork.swift */; };
		47FAD3CE2AB893CB0061E319 /* AppDelegate.swift in Sources */ = {isa = PBXBuildFile; fileRef = 47FAD3CD2AB893CB0061E319 /* AppDelegate.swift */; };
		47FAD3D02AB893CB0061E319 /* SceneDelegate.swift in Sources */ = {isa = PBXBuildFile; fileRef = 47FAD3CF2AB893CB0061E319 /* SceneDelegate.swift */; };
		47FAD3D22AB893CB0061E319 /* MainViewController.swift in Sources */ = {isa = PBXBuildFile; fileRef = 47FAD3D12AB893CB0061E319 /* MainViewController.swift */; };
		47FAD3D72AB893CC0061E319 /* Assets.xcassets in Resources */ = {isa = PBXBuildFile; fileRef = 47FAD3D62AB893CC0061E319 /* Assets.xcassets */; };
		47FAD3DA2AB893CC0061E319 /* LaunchScreen.storyboard in Resources */ = {isa = PBXBuildFile; fileRef = 47FAD3D82AB893CC0061E319 /* LaunchScreen.storyboard */; };
/* End PBXBuildFile section */

/* Begin PBXFileReference section */
		4790C62E2ABB4122004D25D5 /* Float + Extension.swift */ = {isa = PBXFileReference; lastKnownFileType = sourcecode.swift; path = "Float + Extension.swift"; sourceTree = "<group>"; };
		4790C6302ABB46E7004D25D5 /* UIImageView + Extension.swift */ = {isa = PBXFileReference; lastKnownFileType = sourcecode.swift; path = "UIImageView + Extension.swift"; sourceTree = "<group>"; };
		47AD93AA2AB8A13000DF286E /* API.swift */ = {isa = PBXFileReference; lastKnownFileType = sourcecode.swift; path = API.swift; sourceTree = "<group>"; };
		47AD93AC2AB8A2E400DF286E /* NetworkProtocol.swift */ = {isa = PBXFileReference; lastKnownFileType = sourcecode.swift; path = NetworkProtocol.swift; sourceTree = "<group>"; };
		47AD93AF2AB8A3BD00DF286E /* CurrentModel.swift */ = {isa = PBXFileReference; lastKnownFileType = sourcecode.swift; path = CurrentModel.swift; sourceTree = "<group>"; };
		47AD93B12AB8AA4200DF286E /* WeatherNetwork.swift */ = {isa = PBXFileReference; lastKnownFileType = sourcecode.swift; path = WeatherNetwork.swift; sourceTree = "<group>"; };
		47FAD3CA2AB893CB0061E319 /* SimpleWeather.app */ = {isa = PBXFileReference; explicitFileType = wrapper.application; includeInIndex = 0; path = SimpleWeather.app; sourceTree = BUILT_PRODUCTS_DIR; };
		47FAD3CD2AB893CB0061E319 /* AppDelegate.swift */ = {isa = PBXFileReference; lastKnownFileType = sourcecode.swift; path = AppDelegate.swift; sourceTree = "<group>"; };
		47FAD3CF2AB893CB0061E319 /* SceneDelegate.swift */ = {isa = PBXFileReference; lastKnownFileType = sourcecode.swift; path = SceneDelegate.swift; sourceTree = "<group>"; };
		47FAD3D12AB893CB0061E319 /* MainViewController.swift */ = {isa = PBXFileReference; lastKnownFileType = sourcecode.swift; path = MainViewController.swift; sourceTree = "<group>"; };
		47FAD3D62AB893CC0061E319 /* Assets.xcassets */ = {isa = PBXFileReference; lastKnownFileType = folder.assetcatalog; path = Assets.xcassets; sourceTree = "<group>"; };
		47FAD3D92AB893CC0061E319 /* Base */ = {isa = PBXFileReference; lastKnownFileType = file.storyboard; name = Base; path = Base.lproj/LaunchScreen.storyboard; sourceTree = "<group>"; };
		47FAD3DB2AB893CC0061E319 /* Info.plist */ = {isa = PBXFileReference; lastKnownFileType = text.plist.xml; path = Info.plist; sourceTree = "<group>"; };
/* End PBXFileReference section */

/* Begin PBXFrameworksBuildPhase section */
		47FAD3C72AB893CB0061E319 /* Frameworks */ = {
			isa = PBXFrameworksBuildPhase;
			buildActionMask = 2147483647;
			files = (
			);
			runOnlyForDeploymentPostprocessing = 0;
		};
/* End PBXFrameworksBuildPhase section */

/* Begin PBXGroup section */
		4790C62C2ABB3FC2004D25D5 /* Extension */ = {
			isa = PBXGroup;
			children = (
				4790C62E2ABB4122004D25D5 /* Float + Extension.swift */,
				4790C6302ABB46E7004D25D5 /* UIImageView + Extension.swift */,
			);
			name = Extension;
			sourceTree = "<group>";
		};
		47AD93A92AB8A11A00DF286E /* Network */ = {
			isa = PBXGroup;
			children = (
				47AD93AA2AB8A13000DF286E /* API.swift */,
				47AD93AC2AB8A2E400DF286E /* NetworkProtocol.swift */,
				47AD93B12AB8AA4200DF286E /* WeatherNetwork.swift */,
			);
			name = Network;
			sourceTree = "<group>";
		};
		47AD93AE2AB8A3AB00DF286E /* Model */ = {
			isa = PBXGroup;
			children = (
				47AD93AF2AB8A3BD00DF286E /* CurrentModel.swift */,
			);
			name = Model;
			sourceTree = "<group>";
		};
		47FAD3C12AB893CB0061E319 = {
			isa = PBXGroup;
			children = (
				47FAD3CC2AB893CB0061E319 /* SimpleWeather */,
				47FAD3CB2AB893CB0061E319 /* Products */,
			);
			sourceTree = "<group>";
		};
		47FAD3CB2AB893CB0061E319 /* Products */ = {
			isa = PBXGroup;
			children = (
				47FAD3CA2AB893CB0061E319 /* SimpleWeather.app */,
			);
			name = Products;
			sourceTree = "<group>";
		};
		47FAD3CC2AB893CB0061E319 /* SimpleWeather */ = {
			isa = PBXGroup;
			children = (
				47FAD3E12AB895C50061E319 /* App */,
				47AD93A92AB8A11A00DF286E /* Network */,
				47AD93AE2AB8A3AB00DF286E /* Model */,
				47FAD3D12AB893CB0061E319 /* MainViewController.swift */,
				4790C62C2ABB3FC2004D25D5 /* Extension */,
				47FAD3E22AB895D50061E319 /* Recources */,
			);
			path = SimpleWeather;
			sourceTree = "<group>";
		};
		47FAD3E12AB895C50061E319 /* App */ = {
			isa = PBXGroup;
			children = (
				47FAD3CD2AB893CB0061E319 /* AppDelegate.swift */,
				47FAD3CF2AB893CB0061E319 /* SceneDelegate.swift */,
			);
			name = App;
			sourceTree = "<group>";
		};
		47FAD3E22AB895D50061E319 /* Recources */ = {
			isa = PBXGroup;
			children = (
				47FAD3D62AB893CC0061E319 /* Assets.xcassets */,
				47FAD3D82AB893CC0061E319 /* LaunchScreen.storyboard */,
				47FAD3DB2AB893CC0061E319 /* Info.plist */,
			);
			name = Recources;
			sourceTree = "<group>";
		};
/* End PBXGroup section */

/* Begin PBXNativeTarget section */
		47FAD3C92AB893CB0061E319 /* SimpleWeather */ = {
			isa = PBXNativeTarget;
			buildConfigurationList = 47FAD3DE2AB893CC0061E319 /* Build configuration list for PBXNativeTarget "SimpleWeather" */;
			buildPhases = (
				47FAD3C62AB893CB0061E319 /* Sources */,
				47FAD3C72AB893CB0061E319 /* Frameworks */,
				47FAD3C82AB893CB0061E319 /* Resources */,
			);
			buildRules = (
			);
			dependencies = (
			);
			name = SimpleWeather;
			productName = SimpleWeather;
			productReference = 47FAD3CA2AB893CB0061E319 /* SimpleWeather.app */;
			productType = "com.apple.product-type.application";
		};
/* End PBXNativeTarget section */

/* Begin PBXProject section */
		47FAD3C22AB893CB0061E319 /* Project object */ = {
			isa = PBXProject;
			attributes = {
				BuildIndependentTargetsInParallel = 1;
				LastSwiftUpdateCheck = 1430;
				LastUpgradeCheck = 1430;
				TargetAttributes = {
					47FAD3C92AB893CB0061E319 = {
						CreatedOnToolsVersion = 14.3.1;
					};
				};
			};
			buildConfigurationList = 47FAD3C52AB893CB0061E319 /* Build configuration list for PBXProject "SimpleWeather" */;
			compatibilityVersion = "Xcode 14.0";
			developmentRegion = en;
			hasScannedForEncodings = 0;
			knownRegions = (
				en,
				Base,
			);
			mainGroup = 47FAD3C12AB893CB0061E319;
			productRefGroup = 47FAD3CB2AB893CB0061E319 /* Products */;
			projectDirPath = "";
			projectRoot = "";
			targets = (
				47FAD3C92AB893CB0061E319 /* SimpleWeather */,
			);
		};
/* End PBXProject section */

/* Begin PBXResourcesBuildPhase section */
		47FAD3C82AB893CB0061E319 /* Resources */ = {
			isa = PBXResourcesBuildPhase;
			buildActionMask = 2147483647;
			files = (
				47FAD3DA2AB893CC0061E319 /* LaunchScreen.storyboard in Resources */,
				47FAD3D72AB893CC0061E319 /* Assets.xcassets in Resources */,
			);
			runOnlyForDeploymentPostprocessing = 0;
		};
/* End PBXResourcesBuildPhase section */

/* Begin PBXSourcesBuildPhase section */
		47FAD3C62AB893CB0061E319 /* Sources */ = {
			isa = PBXSourcesBuildPhase;
			buildActionMask = 2147483647;
			files = (
				4790C6312ABB46E7004D25D5 /* UIImageView + Extension.swift in Sources */,
				4790C62F2ABB4122004D25D5 /* Float + Extension.swift in Sources */,
				47FAD3D22AB893CB0061E319 /* MainViewController.swift in Sources */,
				47FAD3CE2AB893CB0061E319 /* AppDelegate.swift in Sources */,
				47AD93AD2AB8A2E400DF286E /* NetworkProtocol.swift in Sources */,
				47AD93B22AB8AA4200DF286E /* WeatherNetwork.swift in Sources */,
				47AD93AB2AB8A13000DF286E /* API.swift in Sources */,
				47FAD3D02AB893CB0061E319 /* SceneDelegate.swift in Sources */,
				47AD93B02AB8A3BD00DF286E /* CurrentModel.swift in Sources */,
			);
			runOnlyForDeploymentPostprocessing = 0;
		};
/* End PBXSourcesBuildPhase section */

/* Begin PBXVariantGroup section */
		47FAD3D82AB893CC0061E319 /* LaunchScreen.storyboard */ = {
			isa = PBXVariantGroup;
			children = (
				47FAD3D92AB893CC0061E319 /* Base */,
			);
			name = LaunchScreen.storyboard;
			sourceTree = "<group>";
		};
/* End PBXVariantGroup section */

/* Begin XCBuildConfiguration section */
		47FAD3DC2AB893CC0061E319 /* Debug */ = {
			isa = XCBuildConfiguration;
			buildSettings = {
				ALWAYS_SEARCH_USER_PATHS = NO;
				CLANG_ANALYZER_NONNULL = YES;
				CLANG_ANALYZER_NUMBER_OBJECT_CONVERSION = YES_AGGRESSIVE;
				CLANG_CXX_LANGUAGE_STANDARD = "gnu++20";
				CLANG_ENABLE_MODULES = YES;
				CLANG_ENABLE_OBJC_ARC = YES;
				CLANG_ENABLE_OBJC_WEAK = YES;
				CLANG_WARN_BLOCK_CAPTURE_AUTORELEASING = YES;
				CLANG_WARN_BOOL_CONVERSION = YES;
				CLANG_WARN_COMMA = YES;
				CLANG_WARN_CONSTANT_CONVERSION = YES;
				CLANG_WARN_DEPRECATED_OBJC_IMPLEMENTATIONS = YES;
				CLANG_WARN_DIRECT_OBJC_ISA_USAGE = YES_ERROR;
				CLANG_WARN_DOCUMENTATION_COMMENTS = YES;
				CLANG_WARN_EMPTY_BODY = YES;
				CLANG_WARN_ENUM_CONVERSION = YES;
				CLANG_WARN_INFINITE_RECURSION = YES;
				CLANG_WARN_INT_CONVERSION = YES;
				CLANG_WARN_NON_LITERAL_NULL_CONVERSION = YES;
				CLANG_WARN_OBJC_IMPLICIT_RETAIN_SELF = YES;
				CLANG_WARN_OBJC_LITERAL_CONVERSION = YES;
				CLANG_WARN_OBJC_ROOT_CLASS = YES_ERROR;
				CLANG_WARN_QUOTED_INCLUDE_IN_FRAMEWORK_HEADER = YES;
				CLANG_WARN_RANGE_LOOP_ANALYSIS = YES;
				CLANG_WARN_STRICT_PROTOTYPES = YES;
				CLANG_WARN_SUSPICIOUS_MOVE = YES;
				CLANG_WARN_UNGUARDED_AVAILABILITY = YES_AGGRESSIVE;
				CLANG_WARN_UNREACHABLE_CODE = YES;
				CLANG_WARN__DUPLICATE_METHOD_MATCH = YES;
				COPY_PHASE_STRIP = NO;
				DEBUG_INFORMATION_FORMAT = dwarf;
				ENABLE_STRICT_OBJC_MSGSEND = YES;
				ENABLE_TESTABILITY = YES;
				GCC_C_LANGUAGE_STANDARD = gnu11;
				GCC_DYNAMIC_NO_PIC = NO;
				GCC_NO_COMMON_BLOCKS = YES;
				GCC_OPTIMIZATION_LEVEL = 0;
				GCC_PREPROCESSOR_DEFINITIONS = (
					"DEBUG=1",
					"$(inherited)",
				);
				GCC_WARN_64_TO_32_BIT_CONVERSION = YES;
				GCC_WARN_ABOUT_RETURN_TYPE = YES_ERROR;
				GCC_WARN_UNDECLARED_SELECTOR = YES;
				GCC_WARN_UNINITIALIZED_AUTOS = YES_AGGRESSIVE;
				GCC_WARN_UNUSED_FUNCTION = YES;
				GCC_WARN_UNUSED_VARIABLE = YES;
				IPHONEOS_DEPLOYMENT_TARGET = 16.4;
				MTL_ENABLE_DEBUG_INFO = INCLUDE_SOURCE;
				MTL_FAST_MATH = YES;
				ONLY_ACTIVE_ARCH = YES;
				SDKROOT = iphoneos;
				SWIFT_ACTIVE_COMPILATION_CONDITIONS = DEBUG;
				SWIFT_OPTIMIZATION_LEVEL = "-Onone";
			};
			name = Debug;
		};
		47FAD3DD2AB893CC0061E319 /* Release */ = {
			isa = XCBuildConfiguration;
			buildSettings = {
				ALWAYS_SEARCH_USER_PATHS = NO;
				CLANG_ANALYZER_NONNULL = YES;
				CLANG_ANALYZER_NUMBER_OBJECT_CONVERSION = YES_AGGRESSIVE;
				CLANG_CXX_LANGUAGE_STANDARD = "gnu++20";
				CLANG_ENABLE_MODULES = YES;
				CLANG_ENABLE_OBJC_ARC = YES;
				CLANG_ENABLE_OBJC_WEAK = YES;
				CLANG_WARN_BLOCK_CAPTURE_AUTORELEASING = YES;
				CLANG_WARN_BOOL_CONVERSION = YES;
				CLANG_WARN_COMMA = YES;
				CLANG_WARN_CONSTANT_CONVERSION = YES;
				CLANG_WARN_DEPRECATED_OBJC_IMPLEMENTATIONS = YES;
				CLANG_WARN_DIRECT_OBJC_ISA_USAGE = YES_ERROR;
				CLANG_WARN_DOCUMENTATION_COMMENTS = YES;
				CLANG_WARN_EMPTY_BODY = YES;
				CLANG_WARN_ENUM_CONVERSION = YES;
				CLANG_WARN_INFINITE_RECURSION = YES;
				CLANG_WARN_INT_CONVERSION = YES;
				CLANG_WARN_NON_LITERAL_NULL_CONVERSION = YES;
				CLANG_WARN_OBJC_IMPLICIT_RETAIN_SELF = YES;
				CLANG_WARN_OBJC_LITERAL_CONVERSION = YES;
				CLANG_WARN_OBJC_ROOT_CLASS = YES_ERROR;
				CLANG_WARN_QUOTED_INCLUDE_IN_FRAMEWORK_HEADER = YES;
				CLANG_WARN_RANGE_LOOP_ANALYSIS = YES;
				CLANG_WARN_STRICT_PROTOTYPES = YES;
				CLANG_WARN_SUSPICIOUS_MOVE = YES;
				CLANG_WARN_UNGUARDED_AVAILABILITY = YES_AGGRESSIVE;
				CLANG_WARN_UNREACHABLE_CODE = YES;
				CLANG_WARN__DUPLICATE_METHOD_MATCH = YES;
				COPY_PHASE_STRIP = NO;
				DEBUG_INFORMATION_FORMAT = "dwarf-with-dsym";
				ENABLE_NS_ASSERTIONS = NO;
				ENABLE_STRICT_OBJC_MSGSEND = YES;
				GCC_C_LANGUAGE_STANDARD = gnu11;
				GCC_NO_COMMON_BLOCKS = YES;
				GCC_WARN_64_TO_32_BIT_CONVERSION = YES;
				GCC_WARN_ABOUT_RETURN_TYPE = YES_ERROR;
				GCC_WARN_UNDECLARED_SELECTOR = YES;
				GCC_WARN_UNINITIALIZED_AUTOS = YES_AGGRESSIVE;
				GCC_WARN_UNUSED_FUNCTION = YES;
				GCC_WARN_UNUSED_VARIABLE = YES;
				IPHONEOS_DEPLOYMENT_TARGET = 16.4;
				MTL_ENABLE_DEBUG_INFO = NO;
				MTL_FAST_MATH = YES;
				SDKROOT = iphoneos;
				SWIFT_COMPILATION_MODE = wholemodule;
				SWIFT_OPTIMIZATION_LEVEL = "-O";
				VALIDATE_PRODUCT = YES;
			};
			name = Release;
		};
		47FAD3DF2AB893CC0061E319 /* Debug */ = {
			isa = XCBuildConfiguration;
			buildSettings = {
				ASSETCATALOG_COMPILER_APPICON_NAME = AppIcon;
				ASSETCATALOG_COMPILER_GLOBAL_ACCENT_COLOR_NAME = AccentColor;
				CODE_SIGN_STYLE = Automatic;
				CURRENT_PROJECT_VERSION = 1;
				DEVELOPMENT_TEAM = G249G7DU5T;
				GENERATE_INFOPLIST_FILE = YES;
				INFOPLIST_FILE = SimpleWeather/Info.plist;
				INFOPLIST_KEY_UIApplicationSupportsIndirectInputEvents = YES;
				INFOPLIST_KEY_UILaunchStoryboardName = LaunchScreen;
				INFOPLIST_KEY_UIMainStoryboardFile = "";
				INFOPLIST_KEY_UISupportedInterfaceOrientations_iPad = "UIInterfaceOrientationPortrait UIInterfaceOrientationPortraitUpsideDown UIInterfaceOrientationLandscapeLeft UIInterfaceOrientationLandscapeRight";
				INFOPLIST_KEY_UISupportedInterfaceOrientations_iPhone = "UIInterfaceOrientationPortrait UIInterfaceOrientationLandscapeLeft UIInterfaceOrientationLandscapeRight";
				IPHONEOS_DEPLOYMENT_TARGET = 16.0;
				LD_RUNPATH_SEARCH_PATHS = (
					"$(inherited)",
					"@executable_path/Frameworks",
				);
				MARKETING_VERSION = 1.0;
				PRODUCT_BUNDLE_IDENTIFIER = Pet.SimpleWeather;
				PRODUCT_NAME = "$(TARGET_NAME)";
				SWIFT_EMIT_LOC_STRINGS = YES;
				SWIFT_VERSION = 5.0;
				TARGETED_DEVICE_FAMILY = "1,2";
			};
			name = Debug;
		};
		47FAD3E02AB893CC0061E319 /* Release */ = {
			isa = XCBuildConfiguration;
			buildSettings = {
				ASSETCATALOG_COMPILER_APPICON_NAME = AppIcon;
				ASSETCATALOG_COMPILER_GLOBAL_ACCENT_COLOR_NAME = AccentColor;
				CODE_SIGN_STYLE = Automatic;
				CURRENT_PROJECT_VERSION = 1;
				DEVELOPMENT_TEAM = G249G7DU5T;
				GENERATE_INFOPLIST_FILE = YES;
				INFOPLIST_FILE = SimpleWeather/Info.plist;
				INFOPLIST_KEY_UIApplicationSupportsIndirectInputEvents = YES;
				INFOPLIST_KEY_UILaunchStoryboardName = LaunchScreen;
				INFOPLIST_KEY_UIMainStoryboardFile = "";
				INFOPLIST_KEY_UISupportedInterfaceOrientations_iPad = "UIInterfaceOrientationPortrait UIInterfaceOrientationPortraitUpsideDown UIInterfaceOrientationLandscapeLeft UIInterfaceOrientationLandscapeRight";
				INFOPLIST_KEY_UISupportedInterfaceOrientations_iPhone = "UIInterfaceOrientationPortrait UIInterfaceOrientationLandscapeLeft UIInterfaceOrientationLandscapeRight";
				IPHONEOS_DEPLOYMENT_TARGET = 16.0;
				LD_RUNPATH_SEARCH_PATHS = (
					"$(inherited)",
					"@executable_path/Frameworks",
				);
				MARKETING_VERSION = 1.0;
				PRODUCT_BUNDLE_IDENTIFIER = Pet.SimpleWeather;
				PRODUCT_NAME = "$(TARGET_NAME)";
				SWIFT_EMIT_LOC_STRINGS = YES;
				SWIFT_VERSION = 5.0;
				TARGETED_DEVICE_FAMILY = "1,2";
			};
			name = Release;
		};
/* End XCBuildConfiguration section */

/* Begin XCConfigurationList section */
		47FAD3C52AB893CB0061E319 /* Build configuration list for PBXProject "SimpleWeather" */ = {
			isa = XCConfigurationList;
			buildConfigurations = (
				47FAD3DC2AB893CC0061E319 /* Debug */,
				47FAD3DD2AB893CC0061E319 /* Release */,
			);
			defaultConfigurationIsVisible = 0;
			defaultConfigurationName = Release;
		};
		47FAD3DE2AB893CC0061E319 /* Build configuration list for PBXNativeTarget "SimpleWeather" */ = {
			isa = XCConfigurationList;
			buildConfigurations = (
				47FAD3DF2AB893CC0061E319 /* Debug */,
				47FAD3E02AB893CC0061E319 /* Release */,
			);
			defaultConfigurationIsVisible = 0;
			defaultConfigurationName = Release;
		};
/* End XCConfigurationList section */
	};
	rootObject = 47FAD3C22AB893CB0061E319 /* Project object */;
}
